
Microsoft Visual Studio Solution File, Format Version 12.00
# Visual Studio Version 17
VisualStudioVersion = 17.11.35312.102
MinimumVisualStudioVersion = 10.0.40219.1
Project("{9A19103F-16F7-4668-BE54-9A1E7A4F7556}") = "MyCV", "MyCV\MyCV.csproj", "{0FD38D65-7736-496A-A54D-65C4695A95F5}"
EndProject
Global
	GlobalSection(SolutionConfigurationPlatforms) = preSolution
		Debug|Any CPU = Debug|Any CPU
		Release|Any CPU = Release|Any CPU
	EndGlobalSection
	GlobalSection(ProjectConfigurationPlatforms) = postSolution
		{0FD38D65-7736-496A-A54D-65C4695A95F5}.Debug|Any CPU.ActiveCfg = Debug|Any CPU
		{0FD38D65-7736-496A-A54D-65C4695A95F5}.Debug|Any CPU.Build.0 = Debug|Any CPU
		{0FD38D65-7736-496A-A54D-65C4695A95F5}.Release|Any CPU.ActiveCfg = Release|Any CPU
		{0FD38D65-7736-496A-A54D-65C4695A95F5}.Release|Any CPU.Build.0 = Release|Any CPU
	EndGlobalSection
	GlobalSection(SolutionProperties) = preSolution
		HideSolutionNode = FALSE
	EndGlobalSection
	GlobalSection(ExtensibilityGlobals) = postSolution
		SolutionGuid = {CE042094-614D-4494-BCE5-E8733C7870E4}
	EndGlobalSection
EndGlobal
